
Microsoft Visual Studio Solution File, Format Version 12.00
# Visual Studio 14
VisualStudioVersion = 14.0.25420.1
MinimumVisualStudioVersion = 10.0.40219.1
Project("{FAE04EC0-301F-11D3-BF4B-00C04F79EFBC}") = "B2BPortal", "B2BPortal\B2BPortal.csproj", "{A5D901A4-0743-4328-BD6A-1F3FAEBCA56E}"
EndProject
Project("{2150E333-8FDC-42A3-9474-1A3956D46DE8}") = "Solution Items", "Solution Items", "{9AFBD835-1D40-4F5A-A575-65A4FB0D2D63}"
	ProjectSection(SolutionItems) = preProject
		.gitignore = .gitignore
		azuredeploy.json = azuredeploy.json
		azuredeploy.parameters.json = azuredeploy.parameters.json
		CustomDeploy.ps1 = CustomDeploy.ps1
		README.md = README.md
		Setup.md = Setup.md
	EndProjectSection
EndProject
Project("{FAE04EC0-301F-11D3-BF4B-00C04F79EFBC}") = "AzureB2BInvite", "AzureB2BInvite\AzureB2BInvite.csproj", "{945D0FB2-77C0-4236-B742-15296CE42DC9}"
EndProject
Project("{FAE04EC0-301F-11D3-BF4B-00C04F79EFBC}") = "B2BPortal.Data", "B2BPortal.Data\B2BPortal.Data.csproj", "{D2F0F9CA-BA84-45F0-810A-E76D51BEDBC7}"
EndProject
Project("{FAE04EC0-301F-11D3-BF4B-00C04F79EFBC}") = "B2BPortal.Interfaces", "B2BPortal.Interfaces\B2BPortal.Interfaces.csproj", "{C63718DC-92B5-46B9-B340-C0C8C23C649D}"
EndProject
Project("{2150E333-8FDC-42A3-9474-1A3956D46DE8}") = "DocImages", "DocImages", "{EDF300F8-9691-461E-A7E2-D376335D3257}"
	ProjectSection(SolutionItems) = preProject
		DocImages\App1.png = DocImages\App1.png
		DocImages\App1a.png = DocImages\App1a.png
		DocImages\App2.png = DocImages\App2.png
		DocImages\App3.png = DocImages\App3.png
		DocImages\App3a.png = DocImages\App3a.png
		DocImages\App4.png = DocImages\App4.png
		DocImages\App5.png = DocImages\App5.png
		DocImages\App6.png = DocImages\App6.png
		DocImages\ARMDeploy.png = DocImages\ARMDeploy.png
		DocImages\Manifest.png = DocImages\Manifest.png
		DocImages\Url.png = DocImages\Url.png
		DocImages\Url2.png = DocImages\Url2.png
		DocImages\Url3.png = DocImages\Url3.png
	EndProjectSection
EndProject
Global
	GlobalSection(SolutionConfigurationPlatforms) = preSolution
		Debug|Any CPU = Debug|Any CPU
		Release|Any CPU = Release|Any CPU
	EndGlobalSection
	GlobalSection(ProjectConfigurationPlatforms) = postSolution
		{A5D901A4-0743-4328-BD6A-1F3FAEBCA56E}.Debug|Any CPU.ActiveCfg = Debug|Any CPU
		{A5D901A4-0743-4328-BD6A-1F3FAEBCA56E}.Debug|Any CPU.Build.0 = Debug|Any CPU
		{A5D901A4-0743-4328-BD6A-1F3FAEBCA56E}.Release|Any CPU.ActiveCfg = Release|Any CPU
		{A5D901A4-0743-4328-BD6A-1F3FAEBCA56E}.Release|Any CPU.Build.0 = Release|Any CPU
		{945D0FB2-77C0-4236-B742-15296CE42DC9}.Debug|Any CPU.ActiveCfg = Debug|Any CPU
		{945D0FB2-77C0-4236-B742-15296CE42DC9}.Debug|Any CPU.Build.0 = Debug|Any CPU
		{945D0FB2-77C0-4236-B742-15296CE42DC9}.Release|Any CPU.ActiveCfg = Release|Any CPU
		{945D0FB2-77C0-4236-B742-15296CE42DC9}.Release|Any CPU.Build.0 = Release|Any CPU
		{D2F0F9CA-BA84-45F0-810A-E76D51BEDBC7}.Debug|Any CPU.ActiveCfg = Debug|Any CPU
		{D2F0F9CA-BA84-45F0-810A-E76D51BEDBC7}.Debug|Any CPU.Build.0 = Debug|Any CPU
		{D2F0F9CA-BA84-45F0-810A-E76D51BEDBC7}.Release|Any CPU.ActiveCfg = Release|Any CPU
		{D2F0F9CA-BA84-45F0-810A-E76D51BEDBC7}.Release|Any CPU.Build.0 = Release|Any CPU
		{C63718DC-92B5-46B9-B340-C0C8C23C649D}.Debug|Any CPU.ActiveCfg = Debug|Any CPU
		{C63718DC-92B5-46B9-B340-C0C8C23C649D}.Debug|Any CPU.Build.0 = Debug|Any CPU
		{C63718DC-92B5-46B9-B340-C0C8C23C649D}.Release|Any CPU.ActiveCfg = Release|Any CPU
		{C63718DC-92B5-46B9-B340-C0C8C23C649D}.Release|Any CPU.Build.0 = Release|Any CPU
	EndGlobalSection
	GlobalSection(SolutionProperties) = preSolution
		HideSolutionNode = FALSE
	EndGlobalSection
	GlobalSection(NestedProjects) = preSolution
		{EDF300F8-9691-461E-A7E2-D376335D3257} = {9AFBD835-1D40-4F5A-A575-65A4FB0D2D63}
	EndGlobalSection
EndGlobal
